{
  "lockfileVersion": 1,
  "workspaces": {
    "": {
      "name": "kernel-operator-api",
      "dependencies": {
        "dotenv": "^17.2.1",
        "hono": "^4.9.0",
      },
    },
  },
  "packages": {
    "dotenv": ["dotenv@17.2.1", "", {}, "sha512-kQhDYKZecqnM0fCnzI5eIv5L4cAe/iRI+HqMbO/hbRdTAeXDG+M9FjipUxNfbARuEg4iHIbhnhs78BCHNbSxEQ=="],

    "hono": ["hono@4.9.0", "", {}, "sha512-JAUc4Sqi3lhby2imRL/67LMcJFKiCu7ZKghM7iwvltVZzxEC5bVJCsAa4NTnSfmWGb+N2eOVtFE586R+K3fejA=="],
  }
}
